
Microsoft Visual Studio Solution File, Format Version 12.00
# Visual Studio 15
Project("{FAE04EC0-301F-11D3-BF4B-00C04F79EFBC}") = "UnityEngine.UI", "UnityEngine.UI.csproj", "{BDBD78E1-7C5F-886D-FD7E-CE8791627800}"
EndProject
Project("{FAE04EC0-301F-11D3-BF4B-00C04F79EFBC}") = "Unity.RenderPipelines.Core.Runtime", "Unity.RenderPipelines.Core.Runtime.csproj", "{57D989CA-536D-4E50-B28B-5144C09DE973}"
EndProject
Project("{FAE04EC0-301F-11D3-BF4B-00C04F79EFBC}") = "UnityEngine.TestRunner", "UnityEngine.TestRunner.csproj", "{457E2613-A3EA-17F8-9588-A934D529B4E9}"
EndProject
Project("{FAE04EC0-301F-11D3-BF4B-00C04F79EFBC}") = "Unity.Mathematics", "Unity.Mathematics.csproj", "{DCDD702F-E554-A1B1-E14F-1D34B0C548C3}"
EndProject
Project("{FAE04EC0-301F-11D3-BF4B-00C04F79EFBC}") = "Unity.RenderPipelines.Universal.Runtime", "Unity.RenderPipelines.Universal.Runtime.csproj", "{4FDA9D14-046F-3AE7-219C-A0919A076DDC}"
EndProject
Project("{FAE04EC0-301F-11D3-BF4B-00C04F79EFBC}") = "Unity.TextMeshPro", "Unity.TextMeshPro.csproj", "{C09399DF-7E1C-D7FA-7BE8-570268D89FDF}"
EndProject
Project("{FAE04EC0-301F-11D3-BF4B-00C04F79EFBC}") = "Unity.Polybrush", "Unity.Polybrush.csproj", "{9B3D7C27-7E65-08EB-B658-ED7626E94302}"
EndProject
Project("{FAE04EC0-301F-11D3-BF4B-00C04F79EFBC}") = "Unity.ProBuilder.Poly2Tri", "Unity.ProBuilder.Poly2Tri.csproj", "{82949270-462B-B4DF-99C8-AEEF00793B32}"
EndProject
Project("{FAE04EC0-301F-11D3-BF4B-00C04F79EFBC}") = "Cinemachine", "Cinemachine.csproj", "{BD80A7D2-AD00-A129-9079-ED6835789C1D}"
EndProject
Project("{FAE04EC0-301F-11D3-BF4B-00C04F79EFBC}") = "Unity.Timeline", "Unity.Timeline.csproj", "{C89052B2-B0FD-2A27-766B-FF8DED46FF86}"
EndProject
Project("{FAE04EC0-301F-11D3-BF4B-00C04F79EFBC}") = "Unity.ProBuilder", "Unity.ProBuilder.csproj", "{9E11AF47-869A-C572-D3B5-3E3D87B52900}"
EndProject
Project("{FAE04EC0-301F-11D3-BF4B-00C04F79EFBC}") = "Assembly-CSharp", "Assembly-CSharp.csproj", "{5FD240C5-DFB3-3A66-CFB1-D4643611350A}"
EndProject
Project("{FAE04EC0-301F-11D3-BF4B-00C04F79EFBC}") = "Unity.ProGrids", "Unity.ProGrids.csproj", "{F74A04AA-1B5E-D5F7-EACA-0541404E219F}"
EndProject
Project("{FAE04EC0-301F-11D3-BF4B-00C04F79EFBC}") = "Unity.ProBuilder.Csg", "Unity.ProBuilder.Csg.csproj", "{D61B594E-E3F7-69D9-2683-421FE0FE953B}"
EndProject
Project("{FAE04EC0-301F-11D3-BF4B-00C04F79EFBC}") = "Boxophobic.Utils.Scripts", "Boxophobic.Utils.Scripts.csproj", "{D19CF49F-8BAE-0BBE-3E54-02FED4ECAD56}"
EndProject
Project("{FAE04EC0-301F-11D3-BF4B-00C04F79EFBC}") = "Unity.ProBuilder.KdTree", "Unity.ProBuilder.KdTree.csproj", "{549C9A60-8ADA-2365-5822-C2AF114A4DA6}"
EndProject
Project("{FAE04EC0-301F-11D3-BF4B-00C04F79EFBC}") = "Unity.RenderPipelines.Core.ShaderLibrary", "Unity.RenderPipelines.Core.ShaderLibrary.csproj", "{ACE2C813-1893-C8EC-422A-6D7CE13C4B6A}"
EndProject
Project("{FAE04EC0-301F-11D3-BF4B-00C04F79EFBC}") = "Unity.RenderPipeline.Universal.ShaderLibrary", "Unity.RenderPipeline.Universal.ShaderLibrary.csproj", "{9682F03A-1320-AAD6-501D-6F58BD22850E}"
EndProject
Project("{FAE04EC0-301F-11D3-BF4B-00C04F79EFBC}") = "Unity.ProBuilder.Stl", "Unity.ProBuilder.Stl.csproj", "{FF358B9B-A1D0-509D-31BC-ED3F05297C9B}"
EndProject
Project("{FAE04EC0-301F-11D3-BF4B-00C04F79EFBC}") = "Unity.RenderPipelines.Universal.Shaders", "Unity.RenderPipelines.Universal.Shaders.csproj", "{36E39D8E-A5F3-0AF9-9F29-FA5FCD29CA7D}"
EndProject
Project("{FAE04EC0-301F-11D3-BF4B-00C04F79EFBC}") = "Unity.RenderPipelines.ShaderGraph.ShaderGraphLibrary", "Unity.RenderPipelines.ShaderGraph.ShaderGraphLibrary.csproj", "{7B6FA2F8-9DDC-16AA-9604-203D1259A2F5}"
EndProject
Project("{FAE04EC0-301F-11D3-BF4B-00C04F79EFBC}") = "Unity.PlasticSCM.Editor", "Unity.PlasticSCM.Editor.csproj", "{96AA509E-5B86-037D-0604-6EBD95C67CBB}"
EndProject
Project("{FAE04EC0-301F-11D3-BF4B-00C04F79EFBC}") = "Unity.ShaderGraph.Editor", "Unity.ShaderGraph.Editor.csproj", "{3CF32275-8DBF-A788-750E-3E8FF70A3669}"
EndProject
Project("{FAE04EC0-301F-11D3-BF4B-00C04F79EFBC}") = "Unity.VisualStudio.Editor", "Unity.VisualStudio.Editor.csproj", "{BA46A222-E4F9-88CC-8377-E9EAC6BAB501}"
EndProject
Project("{FAE04EC0-301F-11D3-BF4B-00C04F79EFBC}") = "Unity.ProBuilder.Editor", "Unity.ProBuilder.Editor.csproj", "{034A9967-096A-B4A9-C2DB-D972E253E02C}"
EndProject
Project("{FAE04EC0-301F-11D3-BF4B-00C04F79EFBC}") = "Unity.Timeline.Editor", "Unity.Timeline.Editor.csproj", "{866D2397-E1F3-5A5C-BD78-A1C0E889EB05}"
EndProject
Project("{FAE04EC0-301F-11D3-BF4B-00C04F79EFBC}") = "com.unity.cinemachine.editor", "com.unity.cinemachine.editor.csproj", "{023A61B5-04BC-452C-8838-794900DD46E9}"
EndProject
Project("{FAE04EC0-301F-11D3-BF4B-00C04F79EFBC}") = "Unity.TextMeshPro.Editor", "Unity.TextMeshPro.Editor.csproj", "{489256E7-DB4A-BEAC-A610-C397FF3FB1F9}"
EndProject
Project("{FAE04EC0-301F-11D3-BF4B-00C04F79EFBC}") = "Unity.CollabProxy.Editor", "Unity.CollabProxy.Editor.csproj", "{76DC6724-D03A-DF55-F331-DCFAD5E24332}"
EndProject
Project("{FAE04EC0-301F-11D3-BF4B-00C04F79EFBC}") = "UnityEditor.TestRunner", "UnityEditor.TestRunner.csproj", "{75B2C92E-E4A5-839F-8882-898989110BE0}"
EndProject
Project("{FAE04EC0-301F-11D3-BF4B-00C04F79EFBC}") = "Unity.Polybrush.Editor", "Unity.Polybrush.Editor.csproj", "{C47EC752-EA2D-B4EB-81BF-0EF90FDCFAAA}"
EndProject
Project("{FAE04EC0-301F-11D3-BF4B-00C04F79EFBC}") = "Unity.Rider.Editor", "Unity.Rider.Editor.csproj", "{EB80CFB7-7C03-392C-A187-DF441BBB4D56}"
EndProject
Project("{FAE04EC0-301F-11D3-BF4B-00C04F79EFBC}") = "Unity.RenderPipelines.Universal.Editor", "Unity.RenderPipelines.Universal.Editor.csproj", "{E67963E8-B74E-8C22-4DB0-14FC01BC43E5}"
EndProject
Project("{FAE04EC0-301F-11D3-BF4B-00C04F79EFBC}") = "Unity.ProGrids.Editor", "Unity.ProGrids.Editor.csproj", "{5D17191A-6461-D7EB-0C42-E763290E4550}"
EndProject
Project("{FAE04EC0-301F-11D3-BF4B-00C04F79EFBC}") = "Unity.RenderPipelines.Core.Editor", "Unity.RenderPipelines.Core.Editor.csproj", "{9C96640C-B142-A938-96F9-DF5223DA0FB7}"
EndProject
Project("{FAE04EC0-301F-11D3-BF4B-00C04F79EFBC}") = "Boxophobic.Utils.Editor", "Boxophobic.Utils.Editor.csproj", "{001F9F4D-EAD7-B977-6A87-B8C520C24E4C}"
EndProject
Project("{FAE04EC0-301F-11D3-BF4B-00C04F79EFBC}") = "Unity.Searcher.Editor", "Unity.Searcher.Editor.csproj", "{9BCD64A8-C9D4-020F-542B-05081E7304E3}"
EndProject
Project("{FAE04EC0-301F-11D3-BF4B-00C04F79EFBC}") = "Unity.VSCode.Editor", "Unity.VSCode.Editor.csproj", "{126F6309-B7A0-3DCB-704C-6428E000909F}"
EndProject
Project("{FAE04EC0-301F-11D3-BF4B-00C04F79EFBC}") = "Unity.ProBuilder.AssetIdRemapUtility", "Unity.ProBuilder.AssetIdRemapUtility.csproj", "{19CC6412-EFA8-FD2E-7D03-D8A65E358A15}"
EndProject
Project("{FAE04EC0-301F-11D3-BF4B-00C04F79EFBC}") = "UnityEditor.UI", "UnityEditor.UI.csproj", "{C705BB1F-B0A1-D214-EE07-FF0576FC46D7}"
EndProject
Project("{FAE04EC0-301F-11D3-BF4B-00C04F79EFBC}") = "Unity.Settings.Editor", "Unity.Settings.Editor.csproj", "{9A981D9F-7FAF-5761-7AFF-EED72CC62B19}"
EndProject
Project("{FAE04EC0-301F-11D3-BF4B-00C04F79EFBC}") = "Unity.Mathematics.Editor", "Unity.Mathematics.Editor.csproj", "{91416930-B9DF-E423-57BA-227CB2165919}"
EndProject
Project("{FAE04EC0-301F-11D3-BF4B-00C04F79EFBC}") = "Boxophobic.SkyboxCubemapExtended.Editor", "Boxophobic.SkyboxCubemapExtended.Editor.csproj", "{AD51EE51-DD01-DC8D-A4CD-F69F9AA2D69B}"
EndProject
Project("{FAE04EC0-301F-11D3-BF4B-00C04F79EFBC}") = "Unity.ShaderGraph.Utilities", "Unity.ShaderGraph.Utilities.csproj", "{F1B47C3C-9FAE-475A-38D6-D97FF4DE7D25}"
EndProject
Project("{FAE04EC0-301F-11D3-BF4B-00C04F79EFBC}") = "Unity.ProBuilder.AddOns.Editor", "Unity.ProBuilder.AddOns.Editor.csproj", "{3C514B8B-C228-4C46-C298-4D7E50EDC9C8}"
EndProject
Project("{FAE04EC0-301F-11D3-BF4B-00C04F79EFBC}") = "UnityEngine.UI", "UnityEngine.UI.Player.csproj", "{9D2A5251-65FD-2C87-8628-A5D389E17CB7}"
EndProject
Project("{FAE04EC0-301F-11D3-BF4B-00C04F79EFBC}") = "Unity.RenderPipelines.Core.Runtime", "Unity.RenderPipelines.Core.Runtime.Player.csproj", "{7AE60AA2-03E0-AF0A-5F85-AAA64D012594}"
EndProject
Project("{FAE04EC0-301F-11D3-BF4B-00C04F79EFBC}") = "UnityEngine.TestRunner", "UnityEngine.TestRunner.Player.csproj", "{17A5D9AE-A49E-3E7F-D5AA-779916D1EF4D}"
EndProject
Project("{FAE04EC0-301F-11D3-BF4B-00C04F79EFBC}") = "Unity.Mathematics", "Unity.Mathematics.Player.csproj", "{5CA71872-242C-1CE8-8F8E-B67B58E15411}"
EndProject
Project("{FAE04EC0-301F-11D3-BF4B-00C04F79EFBC}") = "Unity.RenderPipelines.Universal.Runtime", "Unity.RenderPipelines.Universal.Runtime.Player.csproj", "{ED44D763-9802-1DC6-5C6A-BA280B59B9D2}"
EndProject
Project("{FAE04EC0-301F-11D3-BF4B-00C04F79EFBC}") = "Unity.TextMeshPro", "Unity.TextMeshPro.Player.csproj", "{86A227B0-1149-E5DA-749B-9B1A0FAA8789}"
EndProject
Project("{FAE04EC0-301F-11D3-BF4B-00C04F79EFBC}") = "Unity.Polybrush", "Unity.Polybrush.Player.csproj", "{18B8082B-C038-E80E-E6FD-2F123ABFA2F6}"
EndProject
Project("{FAE04EC0-301F-11D3-BF4B-00C04F79EFBC}") = "Unity.ProBuilder.Poly2Tri", "Unity.ProBuilder.Poly2Tri.Player.csproj", "{247A7021-A36C-A1BF-AD16-34D8567FF4F9}"
EndProject
Project("{FAE04EC0-301F-11D3-BF4B-00C04F79EFBC}") = "Cinemachine", "Cinemachine.Player.csproj", "{3FE0E003-33DC-AC17-CAE8-4EC096D9FFD2}"
EndProject
Project("{FAE04EC0-301F-11D3-BF4B-00C04F79EFBC}") = "Unity.Timeline", "Unity.Timeline.Player.csproj", "{F20A793B-E8B2-7ACD-B602-48926D1B1717}"
EndProject
Project("{FAE04EC0-301F-11D3-BF4B-00C04F79EFBC}") = "Unity.ProBuilder", "Unity.ProBuilder.Player.csproj", "{48BB7B84-5B0A-3A62-088D-446BFCFB13DE}"
EndProject
Project("{FAE04EC0-301F-11D3-BF4B-00C04F79EFBC}") = "Assembly-CSharp", "Assembly-CSharp.Player.csproj", "{DE9015AF-FECB-ACB9-609C-912A5126EB14}"
EndProject
Project("{FAE04EC0-301F-11D3-BF4B-00C04F79EFBC}") = "Unity.ProGrids", "Unity.ProGrids.Player.csproj", "{551D4C22-8E06-65AF-AE9B-61ABE0F6C275}"
EndProject
Project("{FAE04EC0-301F-11D3-BF4B-00C04F79EFBC}") = "Unity.ProBuilder.Csg", "Unity.ProBuilder.Csg.Player.csproj", "{7E3B3D97-932D-1A2A-FBF6-22F8673D6885}"
EndProject
Project("{FAE04EC0-301F-11D3-BF4B-00C04F79EFBC}") = "Boxophobic.Utils.Scripts", "Boxophobic.Utils.Scripts.Player.csproj", "{EE62DFAA-5A44-B688-C2AF-6FAAD9CC31EE}"
EndProject
Project("{FAE04EC0-301F-11D3-BF4B-00C04F79EFBC}") = "Unity.ProBuilder.KdTree", "Unity.ProBuilder.KdTree.Player.csproj", "{D4B9FF79-D3FB-2A5E-9FA8-5D3BBFDB55E7}"
EndProject
Project("{FAE04EC0-301F-11D3-BF4B-00C04F79EFBC}") = "Unity.RenderPipelines.Core.ShaderLibrary", "Unity.RenderPipelines.Core.ShaderLibrary.Player.csproj", "{8A59AAF7-B83D-A094-39D9-70372960FBBD}"
EndProject
Project("{FAE04EC0-301F-11D3-BF4B-00C04F79EFBC}") = "Unity.RenderPipeline.Universal.ShaderLibrary", "Unity.RenderPipeline.Universal.ShaderLibrary.Player.csproj", "{1008DE67-19E4-E5BA-D676-8B53E94A7C64}"
EndProject
Project("{FAE04EC0-301F-11D3-BF4B-00C04F79EFBC}") = "Unity.ProBuilder.Stl", "Unity.ProBuilder.Stl.Player.csproj", "{5C51C75B-905B-EA8C-D094-B78E5875B914}"
EndProject
Project("{FAE04EC0-301F-11D3-BF4B-00C04F79EFBC}") = "Unity.RenderPipelines.Universal.Shaders", "Unity.RenderPipelines.Universal.Shaders.Player.csproj", "{96F0B0B9-FFC7-A18F-7852-1C3669D356A9}"
EndProject
Project("{FAE04EC0-301F-11D3-BF4B-00C04F79EFBC}") = "Unity.RenderPipelines.ShaderGraph.ShaderGraphLibrary", "Unity.RenderPipelines.ShaderGraph.ShaderGraphLibrary.Player.csproj", "{B524989C-1704-3023-418B-ACE3D20AB12C}"
EndProject
Global
	GlobalSection(SolutionConfigurationPlatforms) = preSolution
		Debug|Any CPU = Debug|Any CPU
		Release|Any CPU = Release|Any CPU
	EndGlobalSection
	GlobalSection(ProjectConfigurationPlatforms) = postSolution
		{BDBD78E1-7C5F-886D-FD7E-CE8791627800}.Debug|Any CPU.ActiveCfg = Debug|Any CPU
		{BDBD78E1-7C5F-886D-FD7E-CE8791627800}.Debug|Any CPU.Build.0 = Debug|Any CPU
		{BDBD78E1-7C5F-886D-FD7E-CE8791627800}.Release|Any CPU.ActiveCfg = Release|Any CPU
		{BDBD78E1-7C5F-886D-FD7E-CE8791627800}.Release|Any CPU.Build.0 = Release|Any CPU
		{57D989CA-536D-4E50-B28B-5144C09DE973}.Debug|Any CPU.ActiveCfg = Debug|Any CPU
		{57D989CA-536D-4E50-B28B-5144C09DE973}.Debug|Any CPU.Build.0 = Debug|Any CPU
		{57D989CA-536D-4E50-B28B-5144C09DE973}.Release|Any CPU.ActiveCfg = Release|Any CPU
		{57D989CA-536D-4E50-B28B-5144C09DE973}.Release|Any CPU.Build.0 = Release|Any CPU
		{457E2613-A3EA-17F8-9588-A934D529B4E9}.Debug|Any CPU.ActiveCfg = Debug|Any CPU
		{457E2613-A3EA-17F8-9588-A934D529B4E9}.Debug|Any CPU.Build.0 = Debug|Any CPU
		{457E2613-A3EA-17F8-9588-A934D529B4E9}.Release|Any CPU.ActiveCfg = Release|Any CPU
		{457E2613-A3EA-17F8-9588-A934D529B4E9}.Release|Any CPU.Build.0 = Release|Any CPU
		{DCDD702F-E554-A1B1-E14F-1D34B0C548C3}.Debug|Any CPU.ActiveCfg = Debug|Any CPU
		{DCDD702F-E554-A1B1-E14F-1D34B0C548C3}.Debug|Any CPU.Build.0 = Debug|Any CPU
		{DCDD702F-E554-A1B1-E14F-1D34B0C548C3}.Release|Any CPU.ActiveCfg = Release|Any CPU
		{DCDD702F-E554-A1B1-E14F-1D34B0C548C3}.Release|Any CPU.Build.0 = Release|Any CPU
		{4FDA9D14-046F-3AE7-219C-A0919A076DDC}.Debug|Any CPU.ActiveCfg = Debug|Any CPU
		{4FDA9D14-046F-3AE7-219C-A0919A076DDC}.Debug|Any CPU.Build.0 = Debug|Any CPU
		{4FDA9D14-046F-3AE7-219C-A0919A076DDC}.Release|Any CPU.ActiveCfg = Release|Any CPU
		{4FDA9D14-046F-3AE7-219C-A0919A076DDC}.Release|Any CPU.Build.0 = Release|Any CPU
		{C09399DF-7E1C-D7FA-7BE8-570268D89FDF}.Debug|Any CPU.ActiveCfg = Debug|Any CPU
		{C09399DF-7E1C-D7FA-7BE8-570268D89FDF}.Debug|Any CPU.Build.0 = Debug|Any CPU
		{C09399DF-7E1C-D7FA-7BE8-570268D89FDF}.Release|Any CPU.ActiveCfg = Release|Any CPU
		{C09399DF-7E1C-D7FA-7BE8-570268D89FDF}.Release|Any CPU.Build.0 = Release|Any CPU
		{9B3D7C27-7E65-08EB-B658-ED7626E94302}.Debug|Any CPU.ActiveCfg = Debug|Any CPU
		{9B3D7C27-7E65-08EB-B658-ED7626E94302}.Debug|Any CPU.Build.0 = Debug|Any CPU
		{9B3D7C27-7E65-08EB-B658-ED7626E94302}.Release|Any CPU.ActiveCfg = Release|Any CPU
		{9B3D7C27-7E65-08EB-B658-ED7626E94302}.Release|Any CPU.Build.0 = Release|Any CPU
		{82949270-462B-B4DF-99C8-AEEF00793B32}.Debug|Any CPU.ActiveCfg = Debug|Any CPU
		{82949270-462B-B4DF-99C8-AEEF00793B32}.Debug|Any CPU.Build.0 = Debug|Any CPU
		{82949270-462B-B4DF-99C8-AEEF00793B32}.Release|Any CPU.ActiveCfg = Release|Any CPU
		{82949270-462B-B4DF-99C8-AEEF00793B32}.Release|Any CPU.Build.0 = Release|Any CPU
		{BD80A7D2-AD00-A129-9079-ED6835789C1D}.Debug|Any CPU.ActiveCfg = Debug|Any CPU
		{BD80A7D2-AD00-A129-9079-ED6835789C1D}.Debug|Any CPU.Build.0 = Debug|Any CPU
		{BD80A7D2-AD00-A129-9079-ED6835789C1D}.Release|Any CPU.ActiveCfg = Release|Any CPU
		{BD80A7D2-AD00-A129-9079-ED6835789C1D}.Release|Any CPU.Build.0 = Release|Any CPU
		{C89052B2-B0FD-2A27-766B-FF8DED46FF86}.Debug|Any CPU.ActiveCfg = Debug|Any CPU
		{C89052B2-B0FD-2A27-766B-FF8DED46FF86}.Debug|Any CPU.Build.0 = Debug|Any CPU
		{C89052B2-B0FD-2A27-766B-FF8DED46FF86}.Release|Any CPU.ActiveCfg = Release|Any CPU
		{C89052B2-B0FD-2A27-766B-FF8DED46FF86}.Release|Any CPU.Build.0 = Release|Any CPU
		{9E11AF47-869A-C572-D3B5-3E3D87B52900}.Debug|Any CPU.ActiveCfg = Debug|Any CPU
		{9E11AF47-869A-C572-D3B5-3E3D87B52900}.Debug|Any CPU.Build.0 = Debug|Any CPU
		{9E11AF47-869A-C572-D3B5-3E3D87B52900}.Release|Any CPU.ActiveCfg = Release|Any CPU
		{9E11AF47-869A-C572-D3B5-3E3D87B52900}.Release|Any CPU.Build.0 = Release|Any CPU
		{5FD240C5-DFB3-3A66-CFB1-D4643611350A}.Debug|Any CPU.ActiveCfg = Debug|Any CPU
		{5FD240C5-DFB3-3A66-CFB1-D4643611350A}.Debug|Any CPU.Build.0 = Debug|Any CPU
		{5FD240C5-DFB3-3A66-CFB1-D4643611350A}.Release|Any CPU.ActiveCfg = Release|Any CPU
		{5FD240C5-DFB3-3A66-CFB1-D4643611350A}.Release|Any CPU.Build.0 = Release|Any CPU
		{F74A04AA-1B5E-D5F7-EACA-0541404E219F}.Debug|Any CPU.ActiveCfg = Debug|Any CPU
		{F74A04AA-1B5E-D5F7-EACA-0541404E219F}.Debug|Any CPU.Build.0 = Debug|Any CPU
		{F74A04AA-1B5E-D5F7-EACA-0541404E219F}.Release|Any CPU.ActiveCfg = Release|Any CPU
		{F74A04AA-1B5E-D5F7-EACA-0541404E219F}.Release|Any CPU.Build.0 = Release|Any CPU
		{D61B594E-E3F7-69D9-2683-421FE0FE953B}.Debug|Any CPU.ActiveCfg = Debug|Any CPU
		{D61B594E-E3F7-69D9-2683-421FE0FE953B}.Debug|Any CPU.Build.0 = Debug|Any CPU
		{D61B594E-E3F7-69D9-2683-421FE0FE953B}.Release|Any CPU.ActiveCfg = Release|Any CPU
		{D61B594E-E3F7-69D9-2683-421FE0FE953B}.Release|Any CPU.Build.0 = Release|Any CPU
		{D19CF49F-8BAE-0BBE-3E54-02FED4ECAD56}.Debug|Any CPU.ActiveCfg = Debug|Any CPU
		{D19CF49F-8BAE-0BBE-3E54-02FED4ECAD56}.Debug|Any CPU.Build.0 = Debug|Any CPU
		{D19CF49F-8BAE-0BBE-3E54-02FED4ECAD56}.Release|Any CPU.ActiveCfg = Release|Any CPU
		{D19CF49F-8BAE-0BBE-3E54-02FED4ECAD56}.Release|Any CPU.Build.0 = Release|Any CPU
		{549C9A60-8ADA-2365-5822-C2AF114A4DA6}.Debug|Any CPU.ActiveCfg = Debug|Any CPU
		{549C9A60-8ADA-2365-5822-C2AF114A4DA6}.Debug|Any CPU.Build.0 = Debug|Any CPU
		{549C9A60-8ADA-2365-5822-C2AF114A4DA6}.Release|Any CPU.ActiveCfg = Release|Any CPU
		{549C9A60-8ADA-2365-5822-C2AF114A4DA6}.Release|Any CPU.Build.0 = Release|Any CPU
		{ACE2C813-1893-C8EC-422A-6D7CE13C4B6A}.Debug|Any CPU.ActiveCfg = Debug|Any CPU
		{ACE2C813-1893-C8EC-422A-6D7CE13C4B6A}.Debug|Any CPU.Build.0 = Debug|Any CPU
		{ACE2C813-1893-C8EC-422A-6D7CE13C4B6A}.Release|Any CPU.ActiveCfg = Release|Any CPU
		{ACE2C813-1893-C8EC-422A-6D7CE13C4B6A}.Release|Any CPU.Build.0 = Release|Any CPU
		{9682F03A-1320-AAD6-501D-6F58BD22850E}.Debug|Any CPU.ActiveCfg = Debug|Any CPU
		{9682F03A-1320-AAD6-501D-6F58BD22850E}.Debug|Any CPU.Build.0 = Debug|Any CPU
		{9682F03A-1320-AAD6-501D-6F58BD22850E}.Release|Any CPU.ActiveCfg = Release|Any CPU
		{9682F03A-1320-AAD6-501D-6F58BD22850E}.Release|Any CPU.Build.0 = Release|Any CPU
		{FF358B9B-A1D0-509D-31BC-ED3F05297C9B}.Debug|Any CPU.ActiveCfg = Debug|Any CPU
		{FF358B9B-A1D0-509D-31BC-ED3F05297C9B}.Debug|Any CPU.Build.0 = Debug|Any CPU
		{FF358B9B-A1D0-509D-31BC-ED3F05297C9B}.Release|Any CPU.ActiveCfg = Release|Any CPU
		{FF358B9B-A1D0-509D-31BC-ED3F05297C9B}.Release|Any CPU.Build.0 = Release|Any CPU
		{36E39D8E-A5F3-0AF9-9F29-FA5FCD29CA7D}.Debug|Any CPU.ActiveCfg = Debug|Any CPU
		{36E39D8E-A5F3-0AF9-9F29-FA5FCD29CA7D}.Debug|Any CPU.Build.0 = Debug|Any CPU
		{36E39D8E-A5F3-0AF9-9F29-FA5FCD29CA7D}.Release|Any CPU.ActiveCfg = Release|Any CPU
		{36E39D8E-A5F3-0AF9-9F29-FA5FCD29CA7D}.Release|Any CPU.Build.0 = Release|Any CPU
		{7B6FA2F8-9DDC-16AA-9604-203D1259A2F5}.Debug|Any CPU.ActiveCfg = Debug|Any CPU
		{7B6FA2F8-9DDC-16AA-9604-203D1259A2F5}.Debug|Any CPU.Build.0 = Debug|Any CPU
		{7B6FA2F8-9DDC-16AA-9604-203D1259A2F5}.Release|Any CPU.ActiveCfg = Release|Any CPU
		{7B6FA2F8-9DDC-16AA-9604-203D1259A2F5}.Release|Any CPU.Build.0 = Release|Any CPU
		{96AA509E-5B86-037D-0604-6EBD95C67CBB}.Debug|Any CPU.ActiveCfg = Debug|Any CPU
		{96AA509E-5B86-037D-0604-6EBD95C67CBB}.Debug|Any CPU.Build.0 = Debug|Any CPU
		{96AA509E-5B86-037D-0604-6EBD95C67CBB}.Release|Any CPU.ActiveCfg = Release|Any CPU
		{96AA509E-5B86-037D-0604-6EBD95C67CBB}.Release|Any CPU.Build.0 = Release|Any CPU
		{3CF32275-8DBF-A788-750E-3E8FF70A3669}.Debug|Any CPU.ActiveCfg = Debug|Any CPU
		{3CF32275-8DBF-A788-750E-3E8FF70A3669}.Debug|Any CPU.Build.0 = Debug|Any CPU
		{3CF32275-8DBF-A788-750E-3E8FF70A3669}.Release|Any CPU.ActiveCfg = Release|Any CPU
		{3CF32275-8DBF-A788-750E-3E8FF70A3669}.Release|Any CPU.Build.0 = Release|Any CPU
		{BA46A222-E4F9-88CC-8377-E9EAC6BAB501}.Debug|Any CPU.ActiveCfg = Debug|Any CPU
		{BA46A222-E4F9-88CC-8377-E9EAC6BAB501}.Debug|Any CPU.Build.0 = Debug|Any CPU
		{BA46A222-E4F9-88CC-8377-E9EAC6BAB501}.Release|Any CPU.ActiveCfg = Release|Any CPU
		{BA46A222-E4F9-88CC-8377-E9EAC6BAB501}.Release|Any CPU.Build.0 = Release|Any CPU
		{034A9967-096A-B4A9-C2DB-D972E253E02C}.Debug|Any CPU.ActiveCfg = Debug|Any CPU
		{034A9967-096A-B4A9-C2DB-D972E253E02C}.Debug|Any CPU.Build.0 = Debug|Any CPU
		{034A9967-096A-B4A9-C2DB-D972E253E02C}.Release|Any CPU.ActiveCfg = Release|Any CPU
		{034A9967-096A-B4A9-C2DB-D972E253E02C}.Release|Any CPU.Build.0 = Release|Any CPU
		{866D2397-E1F3-5A5C-BD78-A1C0E889EB05}.Debug|Any CPU.ActiveCfg = Debug|Any CPU
		{866D2397-E1F3-5A5C-BD78-A1C0E889EB05}.Debug|Any CPU.Build.0 = Debug|Any CPU
		{866D2397-E1F3-5A5C-BD78-A1C0E889EB05}.Release|Any CPU.ActiveCfg = Release|Any CPU
		{866D2397-E1F3-5A5C-BD78-A1C0E889EB05}.Release|Any CPU.Build.0 = Release|Any CPU
		{023A61B5-04BC-452C-8838-794900DD46E9}.Debug|Any CPU.ActiveCfg = Debug|Any CPU
		{023A61B5-04BC-452C-8838-794900DD46E9}.Debug|Any CPU.Build.0 = Debug|Any CPU
		{023A61B5-04BC-452C-8838-794900DD46E9}.Release|Any CPU.ActiveCfg = Release|Any CPU
		{023A61B5-04BC-452C-8838-794900DD46E9}.Release|Any CPU.Build.0 = Release|Any CPU
		{489256E7-DB4A-BEAC-A610-C397FF3FB1F9}.Debug|Any CPU.ActiveCfg = Debug|Any CPU
		{489256E7-DB4A-BEAC-A610-C397FF3FB1F9}.Debug|Any CPU.Build.0 = Debug|Any CPU
		{489256E7-DB4A-BEAC-A610-C397FF3FB1F9}.Release|Any CPU.ActiveCfg = Release|Any CPU
		{489256E7-DB4A-BEAC-A610-C397FF3FB1F9}.Release|Any CPU.Build.0 = Release|Any CPU
		{76DC6724-D03A-DF55-F331-DCFAD5E24332}.Debug|Any CPU.ActiveCfg = Debug|Any CPU
		{76DC6724-D03A-DF55-F331-DCFAD5E24332}.Debug|Any CPU.Build.0 = Debug|Any CPU
		{76DC6724-D03A-DF55-F331-DCFAD5E24332}.Release|Any CPU.ActiveCfg = Release|Any CPU
		{76DC6724-D03A-DF55-F331-DCFAD5E24332}.Release|Any CPU.Build.0 = Release|Any CPU
		{75B2C92E-E4A5-839F-8882-898989110BE0}.Debug|Any CPU.ActiveCfg = Debug|Any CPU
		{75B2C92E-E4A5-839F-8882-898989110BE0}.Debug|Any CPU.Build.0 = Debug|Any CPU
		{75B2C92E-E4A5-839F-8882-898989110BE0}.Release|Any CPU.ActiveCfg = Release|Any CPU
		{75B2C92E-E4A5-839F-8882-898989110BE0}.Release|Any CPU.Build.0 = Release|Any CPU
		{C47EC752-EA2D-B4EB-81BF-0EF90FDCFAAA}.Debug|Any CPU.ActiveCfg = Debug|Any CPU
		{C47EC752-EA2D-B4EB-81BF-0EF90FDCFAAA}.Debug|Any CPU.Build.0 = Debug|Any CPU
		{C47EC752-EA2D-B4EB-81BF-0EF90FDCFAAA}.Release|Any CPU.ActiveCfg = Release|Any CPU
		{C47EC752-EA2D-B4EB-81BF-0EF90FDCFAAA}.Release|Any CPU.Build.0 = Release|Any CPU
		{EB80CFB7-7C03-392C-A187-DF441BBB4D56}.Debug|Any CPU.ActiveCfg = Debug|Any CPU
		{EB80CFB7-7C03-392C-A187-DF441BBB4D56}.Debug|Any CPU.Build.0 = Debug|Any CPU
		{EB80CFB7-7C03-392C-A187-DF441BBB4D56}.Release|Any CPU.ActiveCfg = Release|Any CPU
		{EB80CFB7-7C03-392C-A187-DF441BBB4D56}.Release|Any CPU.Build.0 = Release|Any CPU
		{E67963E8-B74E-8C22-4DB0-14FC01BC43E5}.Debug|Any CPU.ActiveCfg = Debug|Any CPU
		{E67963E8-B74E-8C22-4DB0-14FC01BC43E5}.Debug|Any CPU.Build.0 = Debug|Any CPU
		{E67963E8-B74E-8C22-4DB0-14FC01BC43E5}.Release|Any CPU.ActiveCfg = Release|Any CPU
		{E67963E8-B74E-8C22-4DB0-14FC01BC43E5}.Release|Any CPU.Build.0 = Release|Any CPU
		{5D17191A-6461-D7EB-0C42-E763290E4550}.Debug|Any CPU.ActiveCfg = Debug|Any CPU
		{5D17191A-6461-D7EB-0C42-E763290E4550}.Debug|Any CPU.Build.0 = Debug|Any CPU
		{5D17191A-6461-D7EB-0C42-E763290E4550}.Release|Any CPU.ActiveCfg = Release|Any CPU
		{5D17191A-6461-D7EB-0C42-E763290E4550}.Release|Any CPU.Build.0 = Release|Any CPU
		{9C96640C-B142-A938-96F9-DF5223DA0FB7}.Debug|Any CPU.ActiveCfg = Debug|Any CPU
		{9C96640C-B142-A938-96F9-DF5223DA0FB7}.Debug|Any CPU.Build.0 = Debug|Any CPU
		{9C96640C-B142-A938-96F9-DF5223DA0FB7}.Release|Any CPU.ActiveCfg = Release|Any CPU
		{9C96640C-B142-A938-96F9-DF5223DA0FB7}.Release|Any CPU.Build.0 = Release|Any CPU
		{001F9F4D-EAD7-B977-6A87-B8C520C24E4C}.Debug|Any CPU.ActiveCfg = Debug|Any CPU
		{001F9F4D-EAD7-B977-6A87-B8C520C24E4C}.Debug|Any CPU.Build.0 = Debug|Any CPU
		{001F9F4D-EAD7-B977-6A87-B8C520C24E4C}.Release|Any CPU.ActiveCfg = Release|Any CPU
		{001F9F4D-EAD7-B977-6A87-B8C520C24E4C}.Release|Any CPU.Build.0 = Release|Any CPU
		{9BCD64A8-C9D4-020F-542B-05081E7304E3}.Debug|Any CPU.ActiveCfg = Debug|Any CPU
		{9BCD64A8-C9D4-020F-542B-05081E7304E3}.Debug|Any CPU.Build.0 = Debug|Any CPU
		{9BCD64A8-C9D4-020F-542B-05081E7304E3}.Release|Any CPU.ActiveCfg = Release|Any CPU
		{9BCD64A8-C9D4-020F-542B-05081E7304E3}.Release|Any CPU.Build.0 = Release|Any CPU
		{126F6309-B7A0-3DCB-704C-6428E000909F}.Debug|Any CPU.ActiveCfg = Debug|Any CPU
		{126F6309-B7A0-3DCB-704C-6428E000909F}.Debug|Any CPU.Build.0 = Debug|Any CPU
		{126F6309-B7A0-3DCB-704C-6428E000909F}.Release|Any CPU.ActiveCfg = Release|Any CPU
		{126F6309-B7A0-3DCB-704C-6428E000909F}.Release|Any CPU.Build.0 = Release|Any CPU
		{19CC6412-EFA8-FD2E-7D03-D8A65E358A15}.Debug|Any CPU.ActiveCfg = Debug|Any CPU
		{19CC6412-EFA8-FD2E-7D03-D8A65E358A15}.Debug|Any CPU.Build.0 = Debug|Any CPU
		{19CC6412-EFA8-FD2E-7D03-D8A65E358A15}.Release|Any CPU.ActiveCfg = Release|Any CPU
		{19CC6412-EFA8-FD2E-7D03-D8A65E358A15}.Release|Any CPU.Build.0 = Release|Any CPU
		{C705BB1F-B0A1-D214-EE07-FF0576FC46D7}.Debug|Any CPU.ActiveCfg = Debug|Any CPU
		{C705BB1F-B0A1-D214-EE07-FF0576FC46D7}.Debug|Any CPU.Build.0 = Debug|Any CPU
		{C705BB1F-B0A1-D214-EE07-FF0576FC46D7}.Release|Any CPU.ActiveCfg = Release|Any CPU
		{C705BB1F-B0A1-D214-EE07-FF0576FC46D7}.Release|Any CPU.Build.0 = Release|Any CPU
		{9A981D9F-7FAF-5761-7AFF-EED72CC62B19}.Debug|Any CPU.ActiveCfg = Debug|Any CPU
		{9A981D9F-7FAF-5761-7AFF-EED72CC62B19}.Debug|Any CPU.Build.0 = Debug|Any CPU
		{9A981D9F-7FAF-5761-7AFF-EED72CC62B19}.Release|Any CPU.ActiveCfg = Release|Any CPU
		{9A981D9F-7FAF-5761-7AFF-EED72CC62B19}.Release|Any CPU.Build.0 = Release|Any CPU
		{91416930-B9DF-E423-57BA-227CB2165919}.Debug|Any CPU.ActiveCfg = Debug|Any CPU
		{91416930-B9DF-E423-57BA-227CB2165919}.Debug|Any CPU.Build.0 = Debug|Any CPU
		{91416930-B9DF-E423-57BA-227CB2165919}.Release|Any CPU.ActiveCfg = Release|Any CPU
		{91416930-B9DF-E423-57BA-227CB2165919}.Release|Any CPU.Build.0 = Release|Any CPU
		{AD51EE51-DD01-DC8D-A4CD-F69F9AA2D69B}.Debug|Any CPU.ActiveCfg = Debug|Any CPU
		{AD51EE51-DD01-DC8D-A4CD-F69F9AA2D69B}.Debug|Any CPU.Build.0 = Debug|Any CPU
		{AD51EE51-DD01-DC8D-A4CD-F69F9AA2D69B}.Release|Any CPU.ActiveCfg = Release|Any CPU
		{AD51EE51-DD01-DC8D-A4CD-F69F9AA2D69B}.Release|Any CPU.Build.0 = Release|Any CPU
		{F1B47C3C-9FAE-475A-38D6-D97FF4DE7D25}.Debug|Any CPU.ActiveCfg = Debug|Any CPU
		{F1B47C3C-9FAE-475A-38D6-D97FF4DE7D25}.Debug|Any CPU.Build.0 = Debug|Any CPU
		{F1B47C3C-9FAE-475A-38D6-D97FF4DE7D25}.Release|Any CPU.ActiveCfg = Release|Any CPU
		{F1B47C3C-9FAE-475A-38D6-D97FF4DE7D25}.Release|Any CPU.Build.0 = Release|Any CPU
		{3C514B8B-C228-4C46-C298-4D7E50EDC9C8}.Debug|Any CPU.ActiveCfg = Debug|Any CPU
		{3C514B8B-C228-4C46-C298-4D7E50EDC9C8}.Debug|Any CPU.Build.0 = Debug|Any CPU
		{3C514B8B-C228-4C46-C298-4D7E50EDC9C8}.Release|Any CPU.ActiveCfg = Release|Any CPU
		{3C514B8B-C228-4C46-C298-4D7E50EDC9C8}.Release|Any CPU.Build.0 = Release|Any CPU
		{9D2A5251-65FD-2C87-8628-A5D389E17CB7}.Debug|Any CPU.ActiveCfg = Debug|Any CPU
		{9D2A5251-65FD-2C87-8628-A5D389E17CB7}.Debug|Any CPU.Build.0 = Debug|Any CPU
		{9D2A5251-65FD-2C87-8628-A5D389E17CB7}.Release|Any CPU.ActiveCfg = Release|Any CPU
		{9D2A5251-65FD-2C87-8628-A5D389E17CB7}.Release|Any CPU.Build.0 = Release|Any CPU
		{7AE60AA2-03E0-AF0A-5F85-AAA64D012594}.Debug|Any CPU.ActiveCfg = Debug|Any CPU
		{7AE60AA2-03E0-AF0A-5F85-AAA64D012594}.Debug|Any CPU.Build.0 = Debug|Any CPU
		{7AE60AA2-03E0-AF0A-5F85-AAA64D012594}.Release|Any CPU.ActiveCfg = Release|Any CPU
		{7AE60AA2-03E0-AF0A-5F85-AAA64D012594}.Release|Any CPU.Build.0 = Release|Any CPU
		{17A5D9AE-A49E-3E7F-D5AA-779916D1EF4D}.Debug|Any CPU.ActiveCfg = Debug|Any CPU
		{17A5D9AE-A49E-3E7F-D5AA-779916D1EF4D}.Debug|Any CPU.Build.0 = Debug|Any CPU
		{17A5D9AE-A49E-3E7F-D5AA-779916D1EF4D}.Release|Any CPU.ActiveCfg = Release|Any CPU
		{17A5D9AE-A49E-3E7F-D5AA-779916D1EF4D}.Release|Any CPU.Build.0 = Release|Any CPU
		{5CA71872-242C-1CE8-8F8E-B67B58E15411}.Debug|Any CPU.ActiveCfg = Debug|Any CPU
		{5CA71872-242C-1CE8-8F8E-B67B58E15411}.Debug|Any CPU.Build.0 = Debug|Any CPU
		{5CA71872-242C-1CE8-8F8E-B67B58E15411}.Release|Any CPU.ActiveCfg = Release|Any CPU
		{5CA71872-242C-1CE8-8F8E-B67B58E15411}.Release|Any CPU.Build.0 = Release|Any CPU
		{ED44D763-9802-1DC6-5C6A-BA280B59B9D2}.Debug|Any CPU.ActiveCfg = Debug|Any CPU
		{ED44D763-9802-1DC6-5C6A-BA280B59B9D2}.Debug|Any CPU.Build.0 = Debug|Any CPU
		{ED44D763-9802-1DC6-5C6A-BA280B59B9D2}.Release|Any CPU.ActiveCfg = Release|Any CPU
		{ED44D763-9802-1DC6-5C6A-BA280B59B9D2}.Release|Any CPU.Build.0 = Release|Any CPU
		{86A227B0-1149-E5DA-749B-9B1A0FAA8789}.Debug|Any CPU.ActiveCfg = Debug|Any CPU
		{86A227B0-1149-E5DA-749B-9B1A0FAA8789}.Debug|Any CPU.Build.0 = Debug|Any CPU
		{86A227B0-1149-E5DA-749B-9B1A0FAA8789}.Release|Any CPU.ActiveCfg = Release|Any CPU
		{86A227B0-1149-E5DA-749B-9B1A0FAA8789}.Release|Any CPU.Build.0 = Release|Any CPU
		{18B8082B-C038-E80E-E6FD-2F123ABFA2F6}.Debug|Any CPU.ActiveCfg = Debug|Any CPU
		{18B8082B-C038-E80E-E6FD-2F123ABFA2F6}.Debug|Any CPU.Build.0 = Debug|Any CPU
		{18B8082B-C038-E80E-E6FD-2F123ABFA2F6}.Release|Any CPU.ActiveCfg = Release|Any CPU
		{18B8082B-C038-E80E-E6FD-2F123ABFA2F6}.Release|Any CPU.Build.0 = Release|Any CPU
		{247A7021-A36C-A1BF-AD16-34D8567FF4F9}.Debug|Any CPU.ActiveCfg = Debug|Any CPU
		{247A7021-A36C-A1BF-AD16-34D8567FF4F9}.Debug|Any CPU.Build.0 = Debug|Any CPU
		{247A7021-A36C-A1BF-AD16-34D8567FF4F9}.Release|Any CPU.ActiveCfg = Release|Any CPU
		{247A7021-A36C-A1BF-AD16-34D8567FF4F9}.Release|Any CPU.Build.0 = Release|Any CPU
		{3FE0E003-33DC-AC17-CAE8-4EC096D9FFD2}.Debug|Any CPU.ActiveCfg = Debug|Any CPU
		{3FE0E003-33DC-AC17-CAE8-4EC096D9FFD2}.Debug|Any CPU.Build.0 = Debug|Any CPU
		{3FE0E003-33DC-AC17-CAE8-4EC096D9FFD2}.Release|Any CPU.ActiveCfg = Release|Any CPU
		{3FE0E003-33DC-AC17-CAE8-4EC096D9FFD2}.Release|Any CPU.Build.0 = Release|Any CPU
		{F20A793B-E8B2-7ACD-B602-48926D1B1717}.Debug|Any CPU.ActiveCfg = Debug|Any CPU
		{F20A793B-E8B2-7ACD-B602-48926D1B1717}.Debug|Any CPU.Build.0 = Debug|Any CPU
		{F20A793B-E8B2-7ACD-B602-48926D1B1717}.Release|Any CPU.ActiveCfg = Release|Any CPU
		{F20A793B-E8B2-7ACD-B602-48926D1B1717}.Release|Any CPU.Build.0 = Release|Any CPU
		{48BB7B84-5B0A-3A62-088D-446BFCFB13DE}.Debug|Any CPU.ActiveCfg = Debug|Any CPU
		{48BB7B84-5B0A-3A62-088D-446BFCFB13DE}.Debug|Any CPU.Build.0 = Debug|Any CPU
		{48BB7B84-5B0A-3A62-088D-446BFCFB13DE}.Release|Any CPU.ActiveCfg = Release|Any CPU
		{48BB7B84-5B0A-3A62-088D-446BFCFB13DE}.Release|Any CPU.Build.0 = Release|Any CPU
		{DE9015AF-FECB-ACB9-609C-912A5126EB14}.Debug|Any CPU.ActiveCfg = Debug|Any CPU
		{DE9015AF-FECB-ACB9-609C-912A5126EB14}.Debug|Any CPU.Build.0 = Debug|Any CPU
		{DE9015AF-FECB-ACB9-609C-912A5126EB14}.Release|Any CPU.ActiveCfg = Release|Any CPU
		{DE9015AF-FECB-ACB9-609C-912A5126EB14}.Release|Any CPU.Build.0 = Release|Any CPU
		{551D4C22-8E06-65AF-AE9B-61ABE0F6C275}.Debug|Any CPU.ActiveCfg = Debug|Any CPU
		{551D4C22-8E06-65AF-AE9B-61ABE0F6C275}.Debug|Any CPU.Build.0 = Debug|Any CPU
		{551D4C22-8E06-65AF-AE9B-61ABE0F6C275}.Release|Any CPU.ActiveCfg = Release|Any CPU
		{551D4C22-8E06-65AF-AE9B-61ABE0F6C275}.Release|Any CPU.Build.0 = Release|Any CPU
		{7E3B3D97-932D-1A2A-FBF6-22F8673D6885}.Debug|Any CPU.ActiveCfg = Debug|Any CPU
		{7E3B3D97-932D-1A2A-FBF6-22F8673D6885}.Debug|Any CPU.Build.0 = Debug|Any CPU
		{7E3B3D97-932D-1A2A-FBF6-22F8673D6885}.Release|Any CPU.ActiveCfg = Release|Any CPU
		{7E3B3D97-932D-1A2A-FBF6-22F8673D6885}.Release|Any CPU.Build.0 = Release|Any CPU
		{EE62DFAA-5A44-B688-C2AF-6FAAD9CC31EE}.Debug|Any CPU.ActiveCfg = Debug|Any CPU
		{EE62DFAA-5A44-B688-C2AF-6FAAD9CC31EE}.Debug|Any CPU.Build.0 = Debug|Any CPU
		{EE62DFAA-5A44-B688-C2AF-6FAAD9CC31EE}.Release|Any CPU.ActiveCfg = Release|Any CPU
		{EE62DFAA-5A44-B688-C2AF-6FAAD9CC31EE}.Release|Any CPU.Build.0 = Release|Any CPU
		{D4B9FF79-D3FB-2A5E-9FA8-5D3BBFDB55E7}.Debug|Any CPU.ActiveCfg = Debug|Any CPU
		{D4B9FF79-D3FB-2A5E-9FA8-5D3BBFDB55E7}.Debug|Any CPU.Build.0 = Debug|Any CPU
		{D4B9FF79-D3FB-2A5E-9FA8-5D3BBFDB55E7}.Release|Any CPU.ActiveCfg = Release|Any CPU
		{D4B9FF79-D3FB-2A5E-9FA8-5D3BBFDB55E7}.Release|Any CPU.Build.0 = Release|Any CPU
		{8A59AAF7-B83D-A094-39D9-70372960FBBD}.Debug|Any CPU.ActiveCfg = Debug|Any CPU
		{8A59AAF7-B83D-A094-39D9-70372960FBBD}.Debug|Any CPU.Build.0 = Debug|Any CPU
		{8A59AAF7-B83D-A094-39D9-70372960FBBD}.Release|Any CPU.ActiveCfg = Release|Any CPU
		{8A59AAF7-B83D-A094-39D9-70372960FBBD}.Release|Any CPU.Build.0 = Release|Any CPU
		{1008DE67-19E4-E5BA-D676-8B53E94A7C64}.Debug|Any CPU.ActiveCfg = Debug|Any CPU
		{1008DE67-19E4-E5BA-D676-8B53E94A7C64}.Debug|Any CPU.Build.0 = Debug|Any CPU
		{1008DE67-19E4-E5BA-D676-8B53E94A7C64}.Release|Any CPU.ActiveCfg = Release|Any CPU
		{1008DE67-19E4-E5BA-D676-8B53E94A7C64}.Release|Any CPU.Build.0 = Release|Any CPU
		{5C51C75B-905B-EA8C-D094-B78E5875B914}.Debug|Any CPU.ActiveCfg = Debug|Any CPU
		{5C51C75B-905B-EA8C-D094-B78E5875B914}.Debug|Any CPU.Build.0 = Debug|Any CPU
		{5C51C75B-905B-EA8C-D094-B78E5875B914}.Release|Any CPU.ActiveCfg = Release|Any CPU
		{5C51C75B-905B-EA8C-D094-B78E5875B914}.Release|Any CPU.Build.0 = Release|Any CPU
		{96F0B0B9-FFC7-A18F-7852-1C3669D356A9}.Debug|Any CPU.ActiveCfg = Debug|Any CPU
		{96F0B0B9-FFC7-A18F-7852-1C3669D356A9}.Debug|Any CPU.Build.0 = Debug|Any CPU
		{96F0B0B9-FFC7-A18F-7852-1C3669D356A9}.Release|Any CPU.ActiveCfg = Release|Any CPU
		{96F0B0B9-FFC7-A18F-7852-1C3669D356A9}.Release|Any CPU.Build.0 = Release|Any CPU
		{B524989C-1704-3023-418B-ACE3D20AB12C}.Debug|Any CPU.ActiveCfg = Debug|Any CPU
		{B524989C-1704-3023-418B-ACE3D20AB12C}.Debug|Any CPU.Build.0 = Debug|Any CPU
		{B524989C-1704-3023-418B-ACE3D20AB12C}.Release|Any CPU.ActiveCfg = Release|Any CPU
		{B524989C-1704-3023-418B-ACE3D20AB12C}.Release|Any CPU.Build.0 = Release|Any CPU
	EndGlobalSection
	GlobalSection(SolutionProperties) = preSolution
		HideSolutionNode = FALSE
	EndGlobalSection
EndGlobal
